{
    "_readme": [
        "This file locks the dependencies of your project to a known state",
        "Read more about it at https://getcomposer.org/doc/01-basic-usage.md#installing-dependencies",
        "This file is @generated automatically"
    ],
    "content-hash": "bc97851359031785ce7f68df204886f4",
    "packages": [
        {
            "name": "thecichos/socketeer",
            "version": "1.0.2.x-dev",
            "source": {
                "type": "git",
                "url": "https://github.com/thecichos/socketeer.git",
                "reference": "cabdf1af27e59f54c5bcab45a8846e932f5f7ace"
            },
            "dist": {
                "type": "zip",
                "url": "https://api.github.com/repos/thecichos/socketeer/zipball/cabdf1af27e59f54c5bcab45a8846e932f5f7ace",
                "reference": "cabdf1af27e59f54c5bcab45a8846e932f5f7ace",
                "shasum": ""
            },
            "require": {
                "ext-json": "*",
                "ext-sockets": "*"
            },
            "type": "library",
            "autoload": {
                "psr-4": {
                    "Thecichos\\Socketeer\\": "src/"
                }
            },
            "notification-url": "https://packagist.org/downloads/",
            "license": [
                "GPL-3.0+"
            ],
            "authors": [
                {
                    "name": "thecichos"
                }
            ],
            "description": "An easy interface for making sockets",
            "support": {
                "issues": "https://github.com/thecichos/socketeer/issues",
                "source": "https://github.com/thecichos/socketeer/tree/master"
            },
            "time": "2023-10-26T13:29:18+00:00"
        }
    ],
    "packages-dev": [],
    "aliases": [],
    "minimum-stability": "stable",
    "stability-flags": {
        "thecichos/socketeer": 20
    },
    "prefer-stable": false,
    "prefer-lowest": false,
    "platform": {
        "ext-sockets": "*",
        "ext-json": "*"
    },
    "platform-dev": [],
    "plugin-api-version": "2.3.0"
}
