{
    "_readme": [
        "This file locks the dependencies of your project to a known state",
        "Read more about it at https://getcomposer.org/doc/01-basic-usage.md#installing-dependencies",
        "This file is @generated automatically"
    ],
    "content-hash": "e83ee882a6f6649dac3b11fa32c5e6a8",
    "packages": [
        {
            "name": "thecichos/socketeer",
            "version": "dev-master",
            "source": {
                "type": "git",
                "url": "https://github.com/thecichos/socketeer.git",
                "reference": "0ed97110b806ffc071d38c0e89ce510f786eb93c"
            },
            "dist": {
                "type": "zip",
                "url": "https://api.github.com/repos/thecichos/socketeer/zipball/0ed97110b806ffc071d38c0e89ce510f786eb93c",
                "reference": "0ed97110b806ffc071d38c0e89ce510f786eb93c",
                "shasum": ""
            },
            "default-branch": true,
            "type": "library",
            "autoload": {
                "psr-4": {
                    "Thecichos\\Socketeer\\": "src/"
                }
            },
            "notification-url": "https://packagist.org/downloads/",
            "license": [
                "GPL-3.0+"
            ],
            "authors": [
                {
                    "name": "thecichos"
                }
            ],
            "description": "An easy interface for making sockets",
            "support": {
                "issues": "https://github.com/thecichos/socketeer/issues",
                "source": "https://github.com/thecichos/socketeer/tree/master"
            },
            "time": "2023-10-25T13:41:57+00:00"
        }
    ],
    "packages-dev": [],
    "aliases": [],
    "minimum-stability": "stable",
    "stability-flags": {
        "thecichos/socketeer": 20
    },
    "prefer-stable": false,
    "prefer-lowest": false,
    "platform": [],
    "platform-dev": [],
    "plugin-api-version": "2.3.0"
}
